// !$*UTF8*$!
{
	archiveVersion = 1;
	classes = {
	};
	objectVersion = 55;
	objects = {

/* Begin PBXBuildFile section */
		166B400948024843DE289A8E /* Pods_Nadia.framework in Frameworks */ = {isa = PBXBuildFile; fileRef = 146C2E98F5A54F0C3B85D4AC /* Pods_Nadia.framework */; };
		634495CE283690B9006A4549 /* SideMenuViewController.swift in Sources */ = {isa = PBXBuildFile; fileRef = 634495CD283690B9006A4549 /* SideMenuViewController.swift */; };
		634495D228369164006A4549 /* SideMenuCell.swift in Sources */ = {isa = PBXBuildFile; fileRef = 634495D128369164006A4549 /* SideMenuCell.swift */; };
		634495D428369198006A4549 /* SideMenuCell.xib in Resources */ = {isa = PBXBuildFile; fileRef = 634495D328369198006A4549 /* SideMenuCell.xib */; };
		634495D6283691D3006A4549 /* SideMenuModel.swift in Sources */ = {isa = PBXBuildFile; fileRef = 634495D5283691D3006A4549 /* SideMenuModel.swift */; };
		634495D8283693B0006A4549 /* HomeViewController.swift in Sources */ = {isa = PBXBuildFile; fileRef = 634495D7283693B0006A4549 /* HomeViewController.swift */; };
		634495DA283693C2006A4549 /* MainViewController.swift in Sources */ = {isa = PBXBuildFile; fileRef = 634495D9283693C2006A4549 /* MainViewController.swift */; };
		634495DC283699D4006A4549 /* PosAndRotViewController.swift in Sources */ = {isa = PBXBuildFile; fileRef = 634495DB283699D4006A4549 /* PosAndRotViewController.swift */; };
		634495DE2836B07C006A4549 /* ReglamentoViewController.swift in Sources */ = {isa = PBXBuildFile; fileRef = 634495DD2836B07C006A4549 /* ReglamentoViewController.swift */; };
		634495E02836B08B006A4549 /* MiEquipoViewController.swift in Sources */ = {isa = PBXBuildFile; fileRef = 634495DF2836B08B006A4549 /* MiEquipoViewController.swift */; };
		634495E22836B09E006A4549 /* PoliticasViewController.swift in Sources */ = {isa = PBXBuildFile; fileRef = 634495E12836B09E006A4549 /* PoliticasViewController.swift */; };
		634CF8D128380B2400F927F7 /* PosicionesCollectionViewCell.swift in Sources */ = {isa = PBXBuildFile; fileRef = 634CF8D028380B2400F927F7 /* PosicionesCollectionViewCell.swift */; };
		63557CC6283EE6EA00EBB91F /* GoogleService-Info.plist in Resources */ = {isa = PBXBuildFile; fileRef = 63557CC5283EE6EA00EBB91F /* GoogleService-Info.plist */; };
		63557CC9283EEBA200EBB91F /* FirebaseAnalytics in Frameworks */ = {isa = PBXBuildFile; productRef = 63557CC8283EEBA200EBB91F /* FirebaseAnalytics */; };
		63557CCB283EEBA200EBB91F /* FirebaseAnalyticsOnDeviceConversion in Frameworks */ = {isa = PBXBuildFile; productRef = 63557CCA283EEBA200EBB91F /* FirebaseAnalyticsOnDeviceConversion */; };
		63557CCD283EEBA200EBB91F /* FirebaseAnalyticsSwift in Frameworks */ = {isa = PBXBuildFile; productRef = 63557CCC283EEBA200EBB91F /* FirebaseAnalyticsSwift */; };
		63557CCF283EEBA200EBB91F /* FirebaseAnalyticsWithoutAdIdSupport in Frameworks */ = {isa = PBXBuildFile; productRef = 63557CCE283EEBA200EBB91F /* FirebaseAnalyticsWithoutAdIdSupport */; };
		63557CD1283EEBA200EBB91F /* FirebaseAppCheck in Frameworks */ = {isa = PBXBuildFile; productRef = 63557CD0283EEBA200EBB91F /* FirebaseAppCheck */; };
		63557CD3283EEBA200EBB91F /* FirebaseAppDistribution-Beta in Frameworks */ = {isa = PBXBuildFile; productRef = 63557CD2283EEBA200EBB91F /* FirebaseAppDistribution-Beta */; };
		63557CD5283EEBA200EBB91F /* FirebaseAuth in Frameworks */ = {isa = PBXBuildFile; productRef = 63557CD4283EEBA200EBB91F /* FirebaseAuth */; };
		63557CD7283EEBA200EBB91F /* FirebaseAuthCombine-Community in Frameworks */ = {isa = PBXBuildFile; productRef = 63557CD6283EEBA200EBB91F /* FirebaseAuthCombine-Community */; };
		63557CD9283EEBA200EBB91F /* FirebaseCrashlytics in Frameworks */ = {isa = PBXBuildFile; productRef = 63557CD8283EEBA200EBB91F /* FirebaseCrashlytics */; };
		63557CDB283EEBA200EBB91F /* FirebaseDatabase in Frameworks */ = {isa = PBXBuildFile; productRef = 63557CDA283EEBA200EBB91F /* FirebaseDatabase */; };
		63557CDD283EEBA200EBB91F /* FirebaseDatabaseSwift in Frameworks */ = {isa = PBXBuildFile; productRef = 63557CDC283EEBA200EBB91F /* FirebaseDatabaseSwift */; };
		63557CDF283EEBA200EBB91F /* FirebaseDynamicLinks in Frameworks */ = {isa = PBXBuildFile; productRef = 63557CDE283EEBA200EBB91F /* FirebaseDynamicLinks */; };
		63557CE1283EEBA200EBB91F /* FirebaseFirestore in Frameworks */ = {isa = PBXBuildFile; productRef = 63557CE0283EEBA200EBB91F /* FirebaseFirestore */; };
		63557CE3283EEBA200EBB91F /* FirebaseFirestoreCombine-Community in Frameworks */ = {isa = PBXBuildFile; productRef = 63557CE2283EEBA200EBB91F /* FirebaseFirestoreCombine-Community */; };
		63557CE5283EEBA200EBB91F /* FirebaseFirestoreSwift in Frameworks */ = {isa = PBXBuildFile; productRef = 63557CE4283EEBA200EBB91F /* FirebaseFirestoreSwift */; };
		63557CE7283EEBA200EBB91F /* FirebaseFunctions in Frameworks */ = {isa = PBXBuildFile; productRef = 63557CE6283EEBA200EBB91F /* FirebaseFunctions */; };
		63557CE9283EEBA200EBB91F /* FirebaseFunctionsCombine-Community in Frameworks */ = {isa = PBXBuildFile; productRef = 63557CE8283EEBA200EBB91F /* FirebaseFunctionsCombine-Community */; };
		63557CEB283EEBA200EBB91F /* FirebaseInAppMessaging-Beta in Frameworks */ = {isa = PBXBuildFile; productRef = 63557CEA283EEBA200EBB91F /* FirebaseInAppMessaging-Beta */; };
		63557CED283EEBA200EBB91F /* FirebaseInAppMessagingSwift-Beta in Frameworks */ = {isa = PBXBuildFile; productRef = 63557CEC283EEBA200EBB91F /* FirebaseInAppMessagingSwift-Beta */; };
		63557CEF283EEBA200EBB91F /* FirebaseInstallations in Frameworks */ = {isa = PBXBuildFile; productRef = 63557CEE283EEBA200EBB91F /* FirebaseInstallations */; };
		63557CF1283EEBA200EBB91F /* FirebaseMLModelDownloader in Frameworks */ = {isa = PBXBuildFile; productRef = 63557CF0283EEBA200EBB91F /* FirebaseMLModelDownloader */; };
		63557CF3283EEBA200EBB91F /* FirebaseMessaging in Frameworks */ = {isa = PBXBuildFile; productRef = 63557CF2283EEBA200EBB91F /* FirebaseMessaging */; };
		63557CF5283EEBA200EBB91F /* FirebasePerformance in Frameworks */ = {isa = PBXBuildFile; productRef = 63557CF4283EEBA200EBB91F /* FirebasePerformance */; };
		63557CF7283EEBA200EBB91F /* FirebaseRemoteConfig in Frameworks */ = {isa = PBXBuildFile; productRef = 63557CF6283EEBA200EBB91F /* FirebaseRemoteConfig */; };
		63557CF9283EEBA200EBB91F /* FirebaseRemoteConfigSwift in Frameworks */ = {isa = PBXBuildFile; productRef = 63557CF8283EEBA200EBB91F /* FirebaseRemoteConfigSwift */; };
		63557CFB283EEBA200EBB91F /* FirebaseStorage in Frameworks */ = {isa = PBXBuildFile; productRef = 63557CFA283EEBA200EBB91F /* FirebaseStorage */; };
		63557CFD283EEBA200EBB91F /* FirebaseStorageCombine-Community in Frameworks */ = {isa = PBXBuildFile; productRef = 63557CFC283EEBA200EBB91F /* FirebaseStorageCombine-Community */; };
		63B182E4283D81950041CE1A /* InicioSesionViewController.swift in Sources */ = {isa = PBXBuildFile; fileRef = 63B182E3283D81940041CE1A /* InicioSesionViewController.swift */; };
		63B182E6283D823B0041CE1A /* RegistroViewController.swift in Sources */ = {isa = PBXBuildFile; fileRef = 63B182E5283D823B0041CE1A /* RegistroViewController.swift */; };
		63D2FA85283560E500D5C429 /* AppDelegate.swift in Sources */ = {isa = PBXBuildFile; fileRef = 63D2FA84283560E500D5C429 /* AppDelegate.swift */; };
		63D2FA87283560E500D5C429 /* SceneDelegate.swift in Sources */ = {isa = PBXBuildFile; fileRef = 63D2FA86283560E500D5C429 /* SceneDelegate.swift */; };
		63D2FA8C283560E600D5C429 /* Main.storyboard in Resources */ = {isa = PBXBuildFile; fileRef = 63D2FA8A283560E600D5C429 /* Main.storyboard */; };
		63D2FA8E283560E900D5C429 /* Assets.xcassets in Resources */ = {isa = PBXBuildFile; fileRef = 63D2FA8D283560E900D5C429 /* Assets.xcassets */; };
		63D2FA91283560E900D5C429 /* LaunchScreen.storyboard in Resources */ = {isa = PBXBuildFile; fileRef = 63D2FA8F283560E900D5C429 /* LaunchScreen.storyboard */; };
/* End PBXBuildFile section */

/* Begin PBXFileReference section */
		146C2E98F5A54F0C3B85D4AC /* Pods_Nadia.framework */ = {isa = PBXFileReference; explicitFileType = wrapper.framework; includeInIndex = 0; path = Pods_Nadia.framework; sourceTree = BUILT_PRODUCTS_DIR; };
		634495CD283690B9006A4549 /* SideMenuViewController.swift */ = {isa = PBXFileReference; lastKnownFileType = sourcecode.swift; path = SideMenuViewController.swift; sourceTree = "<group>"; };
		634495D128369164006A4549 /* SideMenuCell.swift */ = {isa = PBXFileReference; lastKnownFileType = sourcecode.swift; path = SideMenuCell.swift; sourceTree = "<group>"; };
		634495D328369198006A4549 /* SideMenuCell.xib */ = {isa = PBXFileReference; lastKnownFileType = file.xib; path = SideMenuCell.xib; sourceTree = "<group>"; };
		634495D5283691D3006A4549 /* SideMenuModel.swift */ = {isa = PBXFileReference; lastKnownFileType = sourcecode.swift; path = SideMenuModel.swift; sourceTree = "<group>"; };
		634495D7283693B0006A4549 /* HomeViewController.swift */ = {isa = PBXFileReference; lastKnownFileType = sourcecode.swift; path = HomeViewController.swift; sourceTree = "<group>"; };
		634495D9283693C2006A4549 /* MainViewController.swift */ = {isa = PBXFileReference; lastKnownFileType = sourcecode.swift; path = MainViewController.swift; sourceTree = "<group>"; };
		634495DB283699D4006A4549 /* PosAndRotViewController.swift */ = {isa = PBXFileReference; lastKnownFileType = sourcecode.swift; path = PosAndRotViewController.swift; sourceTree = "<group>"; };
		634495DD2836B07C006A4549 /* ReglamentoViewController.swift */ = {isa = PBXFileReference; lastKnownFileType = sourcecode.swift; path = ReglamentoViewController.swift; sourceTree = "<group>"; };
		634495DF2836B08B006A4549 /* MiEquipoViewController.swift */ = {isa = PBXFileReference; lastKnownFileType = sourcecode.swift; path = MiEquipoViewController.swift; sourceTree = "<group>"; };
		634495E12836B09E006A4549 /* PoliticasViewController.swift */ = {isa = PBXFileReference; lastKnownFileType = sourcecode.swift; path = PoliticasViewController.swift; sourceTree = "<group>"; };
		634CF8D028380B2400F927F7 /* PosicionesCollectionViewCell.swift */ = {isa = PBXFileReference; lastKnownFileType = sourcecode.swift; path = PosicionesCollectionViewCell.swift; sourceTree = "<group>"; };
		63557CC5283EE6EA00EBB91F /* GoogleService-Info.plist */ = {isa = PBXFileReference; fileEncoding = 4; lastKnownFileType = text.plist.xml; name = "GoogleService-Info.plist"; path = "../../../Downloads/GoogleService-Info.plist"; sourceTree = "<group>"; };
		63B182E3283D81940041CE1A /* InicioSesionViewController.swift */ = {isa = PBXFileReference; lastKnownFileType = sourcecode.swift; path = InicioSesionViewController.swift; sourceTree = "<group>"; };
		63B182E5283D823B0041CE1A /* RegistroViewController.swift */ = {isa = PBXFileReference; lastKnownFileType = sourcecode.swift; path = RegistroViewController.swift; sourceTree = "<group>"; };
		63D2FA81283560E500D5C429 /* Nadia.app */ = {isa = PBXFileReference; explicitFileType = wrapper.application; includeInIndex = 0; path = Nadia.app; sourceTree = BUILT_PRODUCTS_DIR; };
		63D2FA84283560E500D5C429 /* AppDelegate.swift */ = {isa = PBXFileReference; lastKnownFileType = sourcecode.swift; path = AppDelegate.swift; sourceTree = "<group>"; };
		63D2FA86283560E500D5C429 /* SceneDelegate.swift */ = {isa = PBXFileReference; lastKnownFileType = sourcecode.swift; path = SceneDelegate.swift; sourceTree = "<group>"; };
		63D2FA8B283560E600D5C429 /* Base */ = {isa = PBXFileReference; lastKnownFileType = file.storyboard; name = Base; path = Base.lproj/Main.storyboard; sourceTree = "<group>"; };
		63D2FA8D283560E900D5C429 /* Assets.xcassets */ = {isa = PBXFileReference; lastKnownFileType = folder.assetcatalog; path = Assets.xcassets; sourceTree = "<group>"; };
		63D2FA90283560E900D5C429 /* Base */ = {isa = PBXFileReference; lastKnownFileType = file.storyboard; name = Base; path = Base.lproj/LaunchScreen.storyboard; sourceTree = "<group>"; };
		63D2FA92283560E900D5C429 /* Info.plist */ = {isa = PBXFileReference; lastKnownFileType = text.plist.xml; path = Info.plist; sourceTree = "<group>"; };
		8D22A25D9FDA6868C922AE3A /* Pods-Nadia.release.xcconfig */ = {isa = PBXFileReference; includeInIndex = 1; lastKnownFileType = text.xcconfig; name = "Pods-Nadia.release.xcconfig"; path = "Target Support Files/Pods-Nadia/Pods-Nadia.release.xcconfig"; sourceTree = "<group>"; };
		F341741ED4AB070E0EB23FE2 /* Pods-Nadia.debug.xcconfig */ = {isa = PBXFileReference; includeInIndex = 1; lastKnownFileType = text.xcconfig; name = "Pods-Nadia.debug.xcconfig"; path = "Target Support Files/Pods-Nadia/Pods-Nadia.debug.xcconfig"; sourceTree = "<group>"; };
/* End PBXFileReference section */

/* Begin PBXFrameworksBuildPhase section */
		63D2FA7E283560E500D5C429 /* Frameworks */ = {
			isa = PBXFrameworksBuildPhase;
			buildActionMask = 2147483647;
			files = (
				63557CDB283EEBA200EBB91F /* FirebaseDatabase in Frameworks */,
				63557CE9283EEBA200EBB91F /* FirebaseFunctionsCombine-Community in Frameworks */,
				63557CE1283EEBA200EBB91F /* FirebaseFirestore in Frameworks */,
				63557CCD283EEBA200EBB91F /* FirebaseAnalyticsSwift in Frameworks */,
				63557CC9283EEBA200EBB91F /* FirebaseAnalytics in Frameworks */,
				63557CCB283EEBA200EBB91F /* FirebaseAnalyticsOnDeviceConversion in Frameworks */,
				63557CF1283EEBA200EBB91F /* FirebaseMLModelDownloader in Frameworks */,
				63557CE5283EEBA200EBB91F /* FirebaseFirestoreSwift in Frameworks */,
				63557CD1283EEBA200EBB91F /* FirebaseAppCheck in Frameworks */,
				63557CCF283EEBA200EBB91F /* FirebaseAnalyticsWithoutAdIdSupport in Frameworks */,
				63557CD5283EEBA200EBB91F /* FirebaseAuth in Frameworks */,
				63557CD9283EEBA200EBB91F /* FirebaseCrashlytics in Frameworks */,
				63557CF9283EEBA200EBB91F /* FirebaseRemoteConfigSwift in Frameworks */,
				63557CEB283EEBA200EBB91F /* FirebaseInAppMessaging-Beta in Frameworks */,
				63557CDD283EEBA200EBB91F /* FirebaseDatabaseSwift in Frameworks */,
				63557CE7283EEBA200EBB91F /* FirebaseFunctions in Frameworks */,
				63557CFD283EEBA200EBB91F /* FirebaseStorageCombine-Community in Frameworks */,
				63557CF7283EEBA200EBB91F /* FirebaseRemoteConfig in Frameworks */,
				63557CD3283EEBA200EBB91F /* FirebaseAppDistribution-Beta in Frameworks */,
				63557CD7283EEBA200EBB91F /* FirebaseAuthCombine-Community in Frameworks */,
				63557CF5283EEBA200EBB91F /* FirebasePerformance in Frameworks */,
				63557CED283EEBA200EBB91F /* FirebaseInAppMessagingSwift-Beta in Frameworks */,
				63557CFB283EEBA200EBB91F /* FirebaseStorage in Frameworks */,
				63557CDF283EEBA200EBB91F /* FirebaseDynamicLinks in Frameworks */,
				63557CE3283EEBA200EBB91F /* FirebaseFirestoreCombine-Community in Frameworks */,
				63557CF3283EEBA200EBB91F /* FirebaseMessaging in Frameworks */,
				63557CEF283EEBA200EBB91F /* FirebaseInstallations in Frameworks */,
				166B400948024843DE289A8E /* Pods_Nadia.framework in Frameworks */,
			);
			runOnlyForDeploymentPostprocessing = 0;
		};
/* End PBXFrameworksBuildPhase section */

/* Begin PBXGroup section */
		190BE14092A5BCE02E673A5D /* Frameworks */ = {
			isa = PBXGroup;
			children = (
				146C2E98F5A54F0C3B85D4AC /* Pods_Nadia.framework */,
			);
			name = Frameworks;
			sourceTree = "<group>";
		};
		19FBD517B3B41A248B5B3E8C /* Pods */ = {
			isa = PBXGroup;
			children = (
				F341741ED4AB070E0EB23FE2 /* Pods-Nadia.debug.xcconfig */,
				8D22A25D9FDA6868C922AE3A /* Pods-Nadia.release.xcconfig */,
			);
			name = Pods;
			path = Pods;
			sourceTree = "<group>";
		};
		634495C928369010006A4549 /* SideMenuControlers */ = {
			isa = PBXGroup;
			children = (
				634495D7283693B0006A4549 /* HomeViewController.swift */,
				634495DB283699D4006A4549 /* PosAndRotViewController.swift */,
				634495DD2836B07C006A4549 /* ReglamentoViewController.swift */,
				634495DF2836B08B006A4549 /* MiEquipoViewController.swift */,
				634495E12836B09E006A4549 /* PoliticasViewController.swift */,
			);
			path = SideMenuControlers;
			sourceTree = "<group>";
		};
		634495CA28369037006A4549 /* SideMenu */ = {
			isa = PBXGroup;
			children = (
				634495D128369164006A4549 /* SideMenuCell.swift */,
				634495D328369198006A4549 /* SideMenuCell.xib */,
			);
			path = SideMenu;
			sourceTree = "<group>";
		};
		634495CB28369045006A4549 /* Model */ = {
			isa = PBXGroup;
			children = (
				634495D5283691D3006A4549 /* SideMenuModel.swift */,
			);
			path = Model;
			sourceTree = "<group>";
		};
		634495CC28369056006A4549 /* View */ = {
			isa = PBXGroup;
			children = (
				63D2FA8A283560E600D5C429 /* Main.storyboard */,
			);
			path = View;
			sourceTree = "<group>";
		};
		634495D028369114006A4549 /* Controllers */ = {
			isa = PBXGroup;
			children = (
				634CF8CF28380AE400F927F7 /* CollectionCell */,
				634495C928369010006A4549 /* SideMenuControlers */,
				634495CA28369037006A4549 /* SideMenu */,
				63B182E3283D81940041CE1A /* InicioSesionViewController.swift */,
				63B182E5283D823B0041CE1A /* RegistroViewController.swift */,
			);
			path = Controllers;
			sourceTree = "<group>";
		};
		634CF8CF28380AE400F927F7 /* CollectionCell */ = {
			isa = PBXGroup;
			children = (
				634CF8D028380B2400F927F7 /* PosicionesCollectionViewCell.swift */,
			);
			path = CollectionCell;
			sourceTree = "<group>";
		};
		63D2FA78283560E500D5C429 = {
			isa = PBXGroup;
			children = (
				63D2FA83283560E500D5C429 /* Nadia */,
				63D2FA82283560E500D5C429 /* Products */,
				19FBD517B3B41A248B5B3E8C /* Pods */,
				190BE14092A5BCE02E673A5D /* Frameworks */,
			);
			sourceTree = "<group>";
		};
		63D2FA82283560E500D5C429 /* Products */ = {
			isa = PBXGroup;
			children = (
				63D2FA81283560E500D5C429 /* Nadia.app */,
			);
			name = Products;
			sourceTree = "<group>";
		};
		63D2FA83283560E500D5C429 /* Nadia */ = {
			isa = PBXGroup;
			children = (
				634495CB28369045006A4549 /* Model */,
				634495D028369114006A4549 /* Controllers */,
				634495D9283693C2006A4549 /* MainViewController.swift */,
				634495CD283690B9006A4549 /* SideMenuViewController.swift */,
				634495CC28369056006A4549 /* View */,
				63D2FA8D283560E900D5C429 /* Assets.xcassets */,
				63D2FA84283560E500D5C429 /* AppDelegate.swift */,
				63D2FA86283560E500D5C429 /* SceneDelegate.swift */,
				63D2FA8F283560E900D5C429 /* LaunchScreen.storyboard */,
				63D2FA92283560E900D5C429 /* Info.plist */,
				63557CC5283EE6EA00EBB91F /* GoogleService-Info.plist */,
			);
			path = Nadia;
			sourceTree = "<group>";
		};
/* End PBXGroup section */

/* Begin PBXNativeTarget section */
		63D2FA80283560E500D5C429 /* Nadia */ = {
			isa = PBXNativeTarget;
			buildConfigurationList = 63D2FA95283560E900D5C429 /* Build configuration list for PBXNativeTarget "Nadia" */;
			buildPhases = (
				81F4480F995078FF48CFB40D /* [CP] Check Pods Manifest.lock */,
				63D2FA7D283560E500D5C429 /* Sources */,
				63D2FA7E283560E500D5C429 /* Frameworks */,
				63D2FA7F283560E500D5C429 /* Resources */,
			);
			buildRules = (
			);
			dependencies = (
			);
			name = Nadia;
			packageProductDependencies = (
				63557CC8283EEBA200EBB91F /* FirebaseAnalytics */,
				63557CCA283EEBA200EBB91F /* FirebaseAnalyticsOnDeviceConversion */,
				63557CCC283EEBA200EBB91F /* FirebaseAnalyticsSwift */,
				63557CCE283EEBA200EBB91F /* FirebaseAnalyticsWithoutAdIdSupport */,
				63557CD0283EEBA200EBB91F /* FirebaseAppCheck */,
				63557CD2283EEBA200EBB91F /* FirebaseAppDistribution-Beta */,
				63557CD4283EEBA200EBB91F /* FirebaseAuth */,
				63557CD6283EEBA200EBB91F /* FirebaseAuthCombine-Community */,
				63557CD8283EEBA200EBB91F /* FirebaseCrashlytics */,
				63557CDA283EEBA200EBB91F /* FirebaseDatabase */,
				63557CDC283EEBA200EBB91F /* FirebaseDatabaseSwift */,
				63557CDE283EEBA200EBB91F /* FirebaseDynamicLinks */,
				63557CE0283EEBA200EBB91F /* FirebaseFirestore */,
				63557CE2283EEBA200EBB91F /* FirebaseFirestoreCombine-Community */,
				63557CE4283EEBA200EBB91F /* FirebaseFirestoreSwift */,
				63557CE6283EEBA200EBB91F /* FirebaseFunctions */,
				63557CE8283EEBA200EBB91F /* FirebaseFunctionsCombine-Community */,
				63557CEA283EEBA200EBB91F /* FirebaseInAppMessaging-Beta */,
				63557CEC283EEBA200EBB91F /* FirebaseInAppMessagingSwift-Beta */,
				63557CEE283EEBA200EBB91F /* FirebaseInstallations */,
				63557CF0283EEBA200EBB91F /* FirebaseMLModelDownloader */,
				63557CF2283EEBA200EBB91F /* FirebaseMessaging */,
				63557CF4283EEBA200EBB91F /* FirebasePerformance */,
				63557CF6283EEBA200EBB91F /* FirebaseRemoteConfig */,
				63557CF8283EEBA200EBB91F /* FirebaseRemoteConfigSwift */,
				63557CFA283EEBA200EBB91F /* FirebaseStorage */,
				63557CFC283EEBA200EBB91F /* FirebaseStorageCombine-Community */,
			);
			productName = Nadia;
			productReference = 63D2FA81283560E500D5C429 /* Nadia.app */;
			productType = "com.apple.product-type.application";
		};
/* End PBXNativeTarget section */

/* Begin PBXProject section */
		63D2FA79283560E500D5C429 /* Project object */ = {
			isa = PBXProject;
			attributes = {
				BuildIndependentTargetsInParallel = 1;
				LastSwiftUpdateCheck = 1330;
				LastUpgradeCheck = 1330;
				TargetAttributes = {
					63D2FA80283560E500D5C429 = {
						CreatedOnToolsVersion = 13.3;
					};
				};
			};
			buildConfigurationList = 63D2FA7C283560E500D5C429 /* Build configuration list for PBXProject "Nadia" */;
			compatibilityVersion = "Xcode 13.0";
			developmentRegion = en;
			hasScannedForEncodings = 0;
			knownRegions = (
				en,
				Base,
			);
			mainGroup = 63D2FA78283560E500D5C429;
			packageReferences = (
				63557CC7283EEBA200EBB91F /* XCRemoteSwiftPackageReference "firebase-ios-sdk" */,
			);
			productRefGroup = 63D2FA82283560E500D5C429 /* Products */;
			projectDirPath = "";
			projectRoot = "";
			targets = (
				63D2FA80283560E500D5C429 /* Nadia */,
			);
		};
/* End PBXProject section */

/* Begin PBXResourcesBuildPhase section */
		63D2FA7F283560E500D5C429 /* Resources */ = {
			isa = PBXResourcesBuildPhase;
			buildActionMask = 2147483647;
			files = (
				63D2FA91283560E900D5C429 /* LaunchScreen.storyboard in Resources */,
				63D2FA8E283560E900D5C429 /* Assets.xcassets in Resources */,
				63557CC6283EE6EA00EBB91F /* GoogleService-Info.plist in Resources */,
				63D2FA8C283560E600D5C429 /* Main.storyboard in Resources */,
				634495D428369198006A4549 /* SideMenuCell.xib in Resources */,
			);
			runOnlyForDeploymentPostprocessing = 0;
		};
/* End PBXResourcesBuildPhase section */

/* Begin PBXShellScriptBuildPhase section */
		81F4480F995078FF48CFB40D /* [CP] Check Pods Manifest.lock */ = {
			isa = PBXShellScriptBuildPhase;
			buildActionMask = 2147483647;
			files = (
			);
			inputFileListPaths = (
			);
			inputPaths = (
				"${PODS_PODFILE_DIR_PATH}/Podfile.lock",
				"${PODS_ROOT}/Manifest.lock",
			);
			name = "[CP] Check Pods Manifest.lock";
			outputFileListPaths = (
			);
			outputPaths = (
				"$(DERIVED_FILE_DIR)/Pods-Nadia-checkManifestLockResult.txt",
			);
			runOnlyForDeploymentPostprocessing = 0;
			shellPath = /bin/sh;
			shellScript = "diff \"${PODS_PODFILE_DIR_PATH}/Podfile.lock\" \"${PODS_ROOT}/Manifest.lock\" > /dev/null\nif [ $? != 0 ] ; then\n    # print error to STDERR\n    echo \"error: The sandbox is not in sync with the Podfile.lock. Run 'pod install' or update your CocoaPods installation.\" >&2\n    exit 1\nfi\n# This output is used by Xcode 'outputs' to avoid re-running this script phase.\necho \"SUCCESS\" > \"${SCRIPT_OUTPUT_FILE_0}\"\n";
			showEnvVarsInLog = 0;
		};
/* End PBXShellScriptBuildPhase section */

/* Begin PBXSourcesBuildPhase section */
		63D2FA7D283560E500D5C429 /* Sources */ = {
			isa = PBXSourcesBuildPhase;
			buildActionMask = 2147483647;
			files = (
				634495D6283691D3006A4549 /* SideMenuModel.swift in Sources */,
				634495D228369164006A4549 /* SideMenuCell.swift in Sources */,
				63D2FA85283560E500D5C429 /* AppDelegate.swift in Sources */,
				634495E02836B08B006A4549 /* MiEquipoViewController.swift in Sources */,
				634495DE2836B07C006A4549 /* ReglamentoViewController.swift in Sources */,
				63B182E4283D81950041CE1A /* InicioSesionViewController.swift in Sources */,
				63D2FA87283560E500D5C429 /* SceneDelegate.swift in Sources */,
				634495DC283699D4006A4549 /* PosAndRotViewController.swift in Sources */,
				634495D8283693B0006A4549 /* HomeViewController.swift in Sources */,
				634CF8D128380B2400F927F7 /* PosicionesCollectionViewCell.swift in Sources */,
				634495E22836B09E006A4549 /* PoliticasViewController.swift in Sources */,
				63B182E6283D823B0041CE1A /* RegistroViewController.swift in Sources */,
				634495CE283690B9006A4549 /* SideMenuViewController.swift in Sources */,
				634495DA283693C2006A4549 /* MainViewController.swift in Sources */,
			);
			runOnlyForDeploymentPostprocessing = 0;
		};
/* End PBXSourcesBuildPhase section */

/* Begin PBXVariantGroup section */
		63D2FA8A283560E600D5C429 /* Main.storyboard */ = {
			isa = PBXVariantGroup;
			children = (
				63D2FA8B283560E600D5C429 /* Base */,
			);
			name = Main.storyboard;
			sourceTree = "<group>";
		};
		63D2FA8F283560E900D5C429 /* LaunchScreen.storyboard */ = {
			isa = PBXVariantGroup;
			children = (
				63D2FA90283560E900D5C429 /* Base */,
			);
			name = LaunchScreen.storyboard;
			sourceTree = "<group>";
		};
/* End PBXVariantGroup section */

/* Begin XCBuildConfiguration section */
		63D2FA93283560E900D5C429 /* Debug */ = {
			isa = XCBuildConfiguration;
			buildSettings = {
				ALWAYS_SEARCH_USER_PATHS = NO;
				CLANG_ANALYZER_NONNULL = YES;
				CLANG_ANALYZER_NUMBER_OBJECT_CONVERSION = YES_AGGRESSIVE;
				CLANG_CXX_LANGUAGE_STANDARD = "gnu++17";
				CLANG_ENABLE_MODULES = YES;
				CLANG_ENABLE_OBJC_ARC = YES;
				CLANG_ENABLE_OBJC_WEAK = YES;
				CLANG_WARN_BLOCK_CAPTURE_AUTORELEASING = YES;
				CLANG_WARN_BOOL_CONVERSION = YES;
				CLANG_WARN_COMMA = YES;
				CLANG_WARN_CONSTANT_CONVERSION = YES;
				CLANG_WARN_DEPRECATED_OBJC_IMPLEMENTATIONS = YES;
				CLANG_WARN_DIRECT_OBJC_ISA_USAGE = YES_ERROR;
				CLANG_WARN_DOCUMENTATION_COMMENTS = YES;
				CLANG_WARN_EMPTY_BODY = YES;
				CLANG_WARN_ENUM_CONVERSION = YES;
				CLANG_WARN_INFINITE_RECURSION = YES;
				CLANG_WARN_INT_CONVERSION = YES;
				CLANG_WARN_NON_LITERAL_NULL_CONVERSION = YES;
				CLANG_WARN_OBJC_IMPLICIT_RETAIN_SELF = YES;
				CLANG_WARN_OBJC_LITERAL_CONVERSION = YES;
				CLANG_WARN_OBJC_ROOT_CLASS = YES_ERROR;
				CLANG_WARN_QUOTED_INCLUDE_IN_FRAMEWORK_HEADER = YES;
				CLANG_WARN_RANGE_LOOP_ANALYSIS = YES;
				CLANG_WARN_STRICT_PROTOTYPES = YES;
				CLANG_WARN_SUSPICIOUS_MOVE = YES;
				CLANG_WARN_UNGUARDED_AVAILABILITY = YES_AGGRESSIVE;
				CLANG_WARN_UNREACHABLE_CODE = YES;
				CLANG_WARN__DUPLICATE_METHOD_MATCH = YES;
				COPY_PHASE_STRIP = NO;
				DEBUG_INFORMATION_FORMAT = dwarf;
				ENABLE_STRICT_OBJC_MSGSEND = YES;
				ENABLE_TESTABILITY = YES;
				GCC_C_LANGUAGE_STANDARD = gnu11;
				GCC_DYNAMIC_NO_PIC = NO;
				GCC_NO_COMMON_BLOCKS = YES;
				GCC_OPTIMIZATION_LEVEL = 0;
				GCC_PREPROCESSOR_DEFINITIONS = (
					"DEBUG=1",
					"$(inherited)",
				);
				GCC_WARN_64_TO_32_BIT_CONVERSION = YES;
				GCC_WARN_ABOUT_RETURN_TYPE = YES_ERROR;
				GCC_WARN_UNDECLARED_SELECTOR = YES;
				GCC_WARN_UNINITIALIZED_AUTOS = YES_AGGRESSIVE;
				GCC_WARN_UNUSED_FUNCTION = YES;
				GCC_WARN_UNUSED_VARIABLE = YES;
				IPHONEOS_DEPLOYMENT_TARGET = 15.4;
				MTL_ENABLE_DEBUG_INFO = INCLUDE_SOURCE;
				MTL_FAST_MATH = YES;
				ONLY_ACTIVE_ARCH = YES;
				SDKROOT = iphoneos;
				SWIFT_ACTIVE_COMPILATION_CONDITIONS = DEBUG;
				SWIFT_OPTIMIZATION_LEVEL = "-Onone";
			};
			name = Debug;
		};
		63D2FA94283560E900D5C429 /* Release */ = {
			isa = XCBuildConfiguration;
			buildSettings = {
				ALWAYS_SEARCH_USER_PATHS = NO;
				CLANG_ANALYZER_NONNULL = YES;
				CLANG_ANALYZER_NUMBER_OBJECT_CONVERSION = YES_AGGRESSIVE;
				CLANG_CXX_LANGUAGE_STANDARD = "gnu++17";
				CLANG_ENABLE_MODULES = YES;
				CLANG_ENABLE_OBJC_ARC = YES;
				CLANG_ENABLE_OBJC_WEAK = YES;
				CLANG_WARN_BLOCK_CAPTURE_AUTORELEASING = YES;
				CLANG_WARN_BOOL_CONVERSION = YES;
				CLANG_WARN_COMMA = YES;
				CLANG_WARN_CONSTANT_CONVERSION = YES;
				CLANG_WARN_DEPRECATED_OBJC_IMPLEMENTATIONS = YES;
				CLANG_WARN_DIRECT_OBJC_ISA_USAGE = YES_ERROR;
				CLANG_WARN_DOCUMENTATION_COMMENTS = YES;
				CLANG_WARN_EMPTY_BODY = YES;
				CLANG_WARN_ENUM_CONVERSION = YES;
				CLANG_WARN_INFINITE_RECURSION = YES;
				CLANG_WARN_INT_CONVERSION = YES;
				CLANG_WARN_NON_LITERAL_NULL_CONVERSION = YES;
				CLANG_WARN_OBJC_IMPLICIT_RETAIN_SELF = YES;
				CLANG_WARN_OBJC_LITERAL_CONVERSION = YES;
				CLANG_WARN_OBJC_ROOT_CLASS = YES_ERROR;
				CLANG_WARN_QUOTED_INCLUDE_IN_FRAMEWORK_HEADER = YES;
				CLANG_WARN_RANGE_LOOP_ANALYSIS = YES;
				CLANG_WARN_STRICT_PROTOTYPES = YES;
				CLANG_WARN_SUSPICIOUS_MOVE = YES;
				CLANG_WARN_UNGUARDED_AVAILABILITY = YES_AGGRESSIVE;
				CLANG_WARN_UNREACHABLE_CODE = YES;
				CLANG_WARN__DUPLICATE_METHOD_MATCH = YES;
				COPY_PHASE_STRIP = NO;
				DEBUG_INFORMATION_FORMAT = "dwarf-with-dsym";
				ENABLE_NS_ASSERTIONS = NO;
				ENABLE_STRICT_OBJC_MSGSEND = YES;
				GCC_C_LANGUAGE_STANDARD = gnu11;
				GCC_NO_COMMON_BLOCKS = YES;
				GCC_WARN_64_TO_32_BIT_CONVERSION = YES;
				GCC_WARN_ABOUT_RETURN_TYPE = YES_ERROR;
				GCC_WARN_UNDECLARED_SELECTOR = YES;
				GCC_WARN_UNINITIALIZED_AUTOS = YES_AGGRESSIVE;
				GCC_WARN_UNUSED_FUNCTION = YES;
				GCC_WARN_UNUSED_VARIABLE = YES;
				IPHONEOS_DEPLOYMENT_TARGET = 15.4;
				MTL_ENABLE_DEBUG_INFO = NO;
				MTL_FAST_MATH = YES;
				SDKROOT = iphoneos;
				SWIFT_COMPILATION_MODE = wholemodule;
				SWIFT_OPTIMIZATION_LEVEL = "-O";
				VALIDATE_PRODUCT = YES;
			};
			name = Release;
		};
		63D2FA96283560E900D5C429 /* Debug */ = {
			isa = XCBuildConfiguration;
			baseConfigurationReference = F341741ED4AB070E0EB23FE2 /* Pods-Nadia.debug.xcconfig */;
			buildSettings = {
				ASSETCATALOG_COMPILER_APPICON_NAME = AppIcon;
				ASSETCATALOG_COMPILER_GLOBAL_ACCENT_COLOR_NAME = AccentColor;
				CODE_SIGN_STYLE = Automatic;
				CURRENT_PROJECT_VERSION = 1;
				DEVELOPMENT_TEAM = SH5LYC4789;
				GENERATE_INFOPLIST_FILE = YES;
				INFOPLIST_FILE = Nadia/Info.plist;
				INFOPLIST_KEY_UIApplicationSupportsIndirectInputEvents = YES;
				INFOPLIST_KEY_UILaunchStoryboardName = LaunchScreen;
				INFOPLIST_KEY_UIMainStoryboardFile = Main;
				INFOPLIST_KEY_UISupportedInterfaceOrientations_iPad = "UIInterfaceOrientationPortrait UIInterfaceOrientationPortraitUpsideDown UIInterfaceOrientationLandscapeLeft UIInterfaceOrientationLandscapeRight";
				INFOPLIST_KEY_UISupportedInterfaceOrientations_iPhone = "UIInterfaceOrientationPortrait UIInterfaceOrientationLandscapeLeft UIInterfaceOrientationLandscapeRight";
				LD_RUNPATH_SEARCH_PATHS = (
					"$(inherited)",
					"@executable_path/Frameworks",
				);
				MARKETING_VERSION = 1.0;
				PRODUCT_BUNDLE_IDENTIFIER = Alan.Nadia;
				PRODUCT_NAME = "$(TARGET_NAME)";
				SWIFT_EMIT_LOC_STRINGS = YES;
				SWIFT_VERSION = 5.0;
				TARGETED_DEVICE_FAMILY = "1,2";
			};
			name = Debug;
		};
		63D2FA97283560E900D5C429 /* Release */ = {
			isa = XCBuildConfiguration;
			baseConfigurationReference = 8D22A25D9FDA6868C922AE3A /* Pods-Nadia.release.xcconfig */;
			buildSettings = {
				ASSETCATALOG_COMPILER_APPICON_NAME = AppIcon;
				ASSETCATALOG_COMPILER_GLOBAL_ACCENT_COLOR_NAME = AccentColor;
				CODE_SIGN_STYLE = Automatic;
				CURRENT_PROJECT_VERSION = 1;
				DEVELOPMENT_TEAM = SH5LYC4789;
				GENERATE_INFOPLIST_FILE = YES;
				INFOPLIST_FILE = Nadia/Info.plist;
				INFOPLIST_KEY_UIApplicationSupportsIndirectInputEvents = YES;
				INFOPLIST_KEY_UILaunchStoryboardName = LaunchScreen;
				INFOPLIST_KEY_UIMainStoryboardFile = Main;
				INFOPLIST_KEY_UISupportedInterfaceOrientations_iPad = "UIInterfaceOrientationPortrait UIInterfaceOrientationPortraitUpsideDown UIInterfaceOrientationLandscapeLeft UIInterfaceOrientationLandscapeRight";
				INFOPLIST_KEY_UISupportedInterfaceOrientations_iPhone = "UIInterfaceOrientationPortrait UIInterfaceOrientationLandscapeLeft UIInterfaceOrientationLandscapeRight";
				LD_RUNPATH_SEARCH_PATHS = (
					"$(inherited)",
					"@executable_path/Frameworks",
				);
				MARKETING_VERSION = 1.0;
				PRODUCT_BUNDLE_IDENTIFIER = Alan.Nadia;
				PRODUCT_NAME = "$(TARGET_NAME)";
				SWIFT_EMIT_LOC_STRINGS = YES;
				SWIFT_VERSION = 5.0;
				TARGETED_DEVICE_FAMILY = "1,2";
			};
			name = Release;
		};
/* End XCBuildConfiguration section */

/* Begin XCConfigurationList section */
		63D2FA7C283560E500D5C429 /* Build configuration list for PBXProject "Nadia" */ = {
			isa = XCConfigurationList;
			buildConfigurations = (
				63D2FA93283560E900D5C429 /* Debug */,
				63D2FA94283560E900D5C429 /* Release */,
			);
			defaultConfigurationIsVisible = 0;
			defaultConfigurationName = Release;
		};
		63D2FA95283560E900D5C429 /* Build configuration list for PBXNativeTarget "Nadia" */ = {
			isa = XCConfigurationList;
			buildConfigurations = (
				63D2FA96283560E900D5C429 /* Debug */,
				63D2FA97283560E900D5C429 /* Release */,
			);
			defaultConfigurationIsVisible = 0;
			defaultConfigurationName = Release;
		};
/* End XCConfigurationList section */

/* Begin XCRemoteSwiftPackageReference section */
		63557CC7283EEBA200EBB91F /* XCRemoteSwiftPackageReference "firebase-ios-sdk" */ = {
			isa = XCRemoteSwiftPackageReference;
			repositoryURL = "https://github.com/firebase/firebase-ios-sdk";
			requirement = {
				kind = upToNextMajorVersion;
				minimumVersion = 9.0.0;
			};
		};
/* End XCRemoteSwiftPackageReference section */

/* Begin XCSwiftPackageProductDependency section */
		63557CC8283EEBA200EBB91F /* FirebaseAnalytics */ = {
			isa = XCSwiftPackageProductDependency;
			package = 63557CC7283EEBA200EBB91F /* XCRemoteSwiftPackageReference "firebase-ios-sdk" */;
			productName = FirebaseAnalytics;
		};
		63557CCA283EEBA200EBB91F /* FirebaseAnalyticsOnDeviceConversion */ = {
			isa = XCSwiftPackageProductDependency;
			package = 63557CC7283EEBA200EBB91F /* XCRemoteSwiftPackageReference "firebase-ios-sdk" */;
			productName = FirebaseAnalyticsOnDeviceConversion;
		};
		63557CCC283EEBA200EBB91F /* FirebaseAnalyticsSwift */ = {
			isa = XCSwiftPackageProductDependency;
			package = 63557CC7283EEBA200EBB91F /* XCRemoteSwiftPackageReference "firebase-ios-sdk" */;
			productName = FirebaseAnalyticsSwift;
		};
		63557CCE283EEBA200EBB91F /* FirebaseAnalyticsWithoutAdIdSupport */ = {
			isa = XCSwiftPackageProductDependency;
			package = 63557CC7283EEBA200EBB91F /* XCRemoteSwiftPackageReference "firebase-ios-sdk" */;
			productName = FirebaseAnalyticsWithoutAdIdSupport;
		};
		63557CD0283EEBA200EBB91F /* FirebaseAppCheck */ = {
			isa = XCSwiftPackageProductDependency;
			package = 63557CC7283EEBA200EBB91F /* XCRemoteSwiftPackageReference "firebase-ios-sdk" */;
			productName = FirebaseAppCheck;
		};
		63557CD2283EEBA200EBB91F /* FirebaseAppDistribution-Beta */ = {
			isa = XCSwiftPackageProductDependency;
			package = 63557CC7283EEBA200EBB91F /* XCRemoteSwiftPackageReference "firebase-ios-sdk" */;
			productName = "FirebaseAppDistribution-Beta";
		};
		63557CD4283EEBA200EBB91F /* FirebaseAuth */ = {
			isa = XCSwiftPackageProductDependency;
			package = 63557CC7283EEBA200EBB91F /* XCRemoteSwiftPackageReference "firebase-ios-sdk" */;
			productName = FirebaseAuth;
		};
		63557CD6283EEBA200EBB91F /* FirebaseAuthCombine-Community */ = {
			isa = XCSwiftPackageProductDependency;
			package = 63557CC7283EEBA200EBB91F /* XCRemoteSwiftPackageReference "firebase-ios-sdk" */;
			productName = "FirebaseAuthCombine-Community";
		};
		63557CD8283EEBA200EBB91F /* FirebaseCrashlytics */ = {
			isa = XCSwiftPackageProductDependency;
			package = 63557CC7283EEBA200EBB91F /* XCRemoteSwiftPackageReference "firebase-ios-sdk" */;
			productName = FirebaseCrashlytics;
		};
		63557CDA283EEBA200EBB91F /* FirebaseDatabase */ = {
			isa = XCSwiftPackageProductDependency;
			package = 63557CC7283EEBA200EBB91F /* XCRemoteSwiftPackageReference "firebase-ios-sdk" */;
			productName = FirebaseDatabase;
		};
		63557CDC283EEBA200EBB91F /* FirebaseDatabaseSwift */ = {
			isa = XCSwiftPackageProductDependency;
			package = 63557CC7283EEBA200EBB91F /* XCRemoteSwiftPackageReference "firebase-ios-sdk" */;
			productName = FirebaseDatabaseSwift;
		};
		63557CDE283EEBA200EBB91F /* FirebaseDynamicLinks */ = {
			isa = XCSwiftPackageProductDependency;
			package = 63557CC7283EEBA200EBB91F /* XCRemoteSwiftPackageReference "firebase-ios-sdk" */;
			productName = FirebaseDynamicLinks;
		};
		63557CE0283EEBA200EBB91F /* FirebaseFirestore */ = {
			isa = XCSwiftPackageProductDependency;
			package = 63557CC7283EEBA200EBB91F /* XCRemoteSwiftPackageReference "firebase-ios-sdk" */;
			productName = FirebaseFirestore;
		};
		63557CE2283EEBA200EBB91F /* FirebaseFirestoreCombine-Community */ = {
			isa = XCSwiftPackageProductDependency;
			package = 63557CC7283EEBA200EBB91F /* XCRemoteSwiftPackageReference "firebase-ios-sdk" */;
			productName = "FirebaseFirestoreCombine-Community";
		};
		63557CE4283EEBA200EBB91F /* FirebaseFirestoreSwift */ = {
			isa = XCSwiftPackageProductDependency;
			package = 63557CC7283EEBA200EBB91F /* XCRemoteSwiftPackageReference "firebase-ios-sdk" */;
			productName = FirebaseFirestoreSwift;
		};
		63557CE6283EEBA200EBB91F /* FirebaseFunctions */ = {
			isa = XCSwiftPackageProductDependency;
			package = 63557CC7283EEBA200EBB91F /* XCRemoteSwiftPackageReference "firebase-ios-sdk" */;
			productName = FirebaseFunctions;
		};
		63557CE8283EEBA200EBB91F /* FirebaseFunctionsCombine-Community */ = {
			isa = XCSwiftPackageProductDependency;
			package = 63557CC7283EEBA200EBB91F /* XCRemoteSwiftPackageReference "firebase-ios-sdk" */;
			productName = "FirebaseFunctionsCombine-Community";
		};
		63557CEA283EEBA200EBB91F /* FirebaseInAppMessaging-Beta */ = {
			isa = XCSwiftPackageProductDependency;
			package = 63557CC7283EEBA200EBB91F /* XCRemoteSwiftPackageReference "firebase-ios-sdk" */;
			productName = "FirebaseInAppMessaging-Beta";
		};
		63557CEC283EEBA200EBB91F /* FirebaseInAppMessagingSwift-Beta */ = {
			isa = XCSwiftPackageProductDependency;
			package = 63557CC7283EEBA200EBB91F /* XCRemoteSwiftPackageReference "firebase-ios-sdk" */;
			productName = "FirebaseInAppMessagingSwift-Beta";
		};
		63557CEE283EEBA200EBB91F /* FirebaseInstallations */ = {
			isa = XCSwiftPackageProductDependency;
			package = 63557CC7283EEBA200EBB91F /* XCRemoteSwiftPackageReference "firebase-ios-sdk" */;
			productName = FirebaseInstallations;
		};
		63557CF0283EEBA200EBB91F /* FirebaseMLModelDownloader */ = {
			isa = XCSwiftPackageProductDependency;
			package = 63557CC7283EEBA200EBB91F /* XCRemoteSwiftPackageReference "firebase-ios-sdk" */;
			productName = FirebaseMLModelDownloader;
		};
		63557CF2283EEBA200EBB91F /* FirebaseMessaging */ = {
			isa = XCSwiftPackageProductDependency;
			package = 63557CC7283EEBA200EBB91F /* XCRemoteSwiftPackageReference "firebase-ios-sdk" */;
			productName = FirebaseMessaging;
		};
		63557CF4283EEBA200EBB91F /* FirebasePerformance */ = {
			isa = XCSwiftPackageProductDependency;
			package = 63557CC7283EEBA200EBB91F /* XCRemoteSwiftPackageReference "firebase-ios-sdk" */;
			productName = FirebasePerformance;
		};
		63557CF6283EEBA200EBB91F /* FirebaseRemoteConfig */ = {
			isa = XCSwiftPackageProductDependency;
			package = 63557CC7283EEBA200EBB91F /* XCRemoteSwiftPackageReference "firebase-ios-sdk" */;
			productName = FirebaseRemoteConfig;
		};
		63557CF8283EEBA200EBB91F /* FirebaseRemoteConfigSwift */ = {
			isa = XCSwiftPackageProductDependency;
			package = 63557CC7283EEBA200EBB91F /* XCRemoteSwiftPackageReference "firebase-ios-sdk" */;
			productName = FirebaseRemoteConfigSwift;
		};
		63557CFA283EEBA200EBB91F /* FirebaseStorage */ = {
			isa = XCSwiftPackageProductDependency;
			package = 63557CC7283EEBA200EBB91F /* XCRemoteSwiftPackageReference "firebase-ios-sdk" */;
			productName = FirebaseStorage;
		};
		63557CFC283EEBA200EBB91F /* FirebaseStorageCombine-Community */ = {
			isa = XCSwiftPackageProductDependency;
			package = 63557CC7283EEBA200EBB91F /* XCRemoteSwiftPackageReference "firebase-ios-sdk" */;
			productName = "FirebaseStorageCombine-Community";
		};
/* End XCSwiftPackageProductDependency section */
	};
	rootObject = 63D2FA79283560E500D5C429 /* Project object */;
}
